
Microsoft Visual Studio Solution File, Format Version 12.00
# Visual Studio 15
VisualStudioVersion = 15.0.28307.168
MinimumVisualStudioVersion = 10.0.40219.1
Project("{FAE04EC0-301F-11D3-BF4B-00C04F79EFBC}") = "OxyCommitParser", "OxyCommitParser\OxyCommitParser.csproj", "{D8AB35CF-0753-4091-90B5-4260D6CB6A01}"
	ProjectSection(ProjectDependencies) = postProject
		{131A9895-FE16-417A-8C41-16A5994A6D13} = {131A9895-FE16-417A-8C41-16A5994A6D13}
	EndProjectSection
EndProject
Project("{8BC9CEB8-8B4A-11D0-8D11-00A0C91BC942}") = "xrCoreWrapper", "xrCoreWrapper\xrPlay.vcxproj", "{131A9895-FE16-417A-8C41-16A5994A6D13}"
EndProject
Project("{8BC9CEB8-8B4A-11D0-8D11-00A0C91BC942}") = "xrOxyNetClient", "xrOxyNetClient\xrOxyNetClient.vcxproj", "{3719AFDE-3AA5-40EE-BA73-F08C11CF4DC6}"
EndProject
Global
	GlobalSection(SolutionConfigurationPlatforms) = preSolution
		Debug|Any CPU = Debug|Any CPU
		Debug|x64 = Debug|x64
		Debug|x86 = Debug|x86
		Release|Any CPU = Release|Any CPU
		Release|x64 = Release|x64
		Release|x86 = Release|x86
	EndGlobalSection
	GlobalSection(ProjectConfigurationPlatforms) = postSolution
		{D8AB35CF-0753-4091-90B5-4260D6CB6A01}.Debug|Any CPU.ActiveCfg = Debug|Any CPU
		{D8AB35CF-0753-4091-90B5-4260D6CB6A01}.Debug|Any CPU.Build.0 = Debug|Any CPU
		{D8AB35CF-0753-4091-90B5-4260D6CB6A01}.Debug|x64.ActiveCfg = Debug|Any CPU
		{D8AB35CF-0753-4091-90B5-4260D6CB6A01}.Debug|x64.Build.0 = Debug|Any CPU
		{D8AB35CF-0753-4091-90B5-4260D6CB6A01}.Debug|x86.ActiveCfg = Debug|Any CPU
		{D8AB35CF-0753-4091-90B5-4260D6CB6A01}.Debug|x86.Build.0 = Debug|Any CPU
		{D8AB35CF-0753-4091-90B5-4260D6CB6A01}.Release|Any CPU.ActiveCfg = Release|Any CPU
		{D8AB35CF-0753-4091-90B5-4260D6CB6A01}.Release|Any CPU.Build.0 = Release|Any CPU
		{D8AB35CF-0753-4091-90B5-4260D6CB6A01}.Release|x64.ActiveCfg = Release|Any CPU
		{D8AB35CF-0753-4091-90B5-4260D6CB6A01}.Release|x64.Build.0 = Release|Any CPU
		{D8AB35CF-0753-4091-90B5-4260D6CB6A01}.Release|x86.ActiveCfg = Release|Any CPU
		{D8AB35CF-0753-4091-90B5-4260D6CB6A01}.Release|x86.Build.0 = Release|Any CPU
		{131A9895-FE16-417A-8C41-16A5994A6D13}.Debug|Any CPU.ActiveCfg = Debug|x64
		{131A9895-FE16-417A-8C41-16A5994A6D13}.Debug|Any CPU.Build.0 = Debug|x64
		{131A9895-FE16-417A-8C41-16A5994A6D13}.Debug|x64.ActiveCfg = Debug|x64
		{131A9895-FE16-417A-8C41-16A5994A6D13}.Debug|x64.Build.0 = Debug|x64
		{131A9895-FE16-417A-8C41-16A5994A6D13}.Debug|x86.ActiveCfg = Debug|x64
		{131A9895-FE16-417A-8C41-16A5994A6D13}.Release|Any CPU.ActiveCfg = Release|x64
		{131A9895-FE16-417A-8C41-16A5994A6D13}.Release|x64.ActiveCfg = Release|x64
		{131A9895-FE16-417A-8C41-16A5994A6D13}.Release|x64.Build.0 = Release|x64
		{131A9895-FE16-417A-8C41-16A5994A6D13}.Release|x86.ActiveCfg = Release|x64
		{3719AFDE-3AA5-40EE-BA73-F08C11CF4DC6}.Debug|Any CPU.ActiveCfg = Debug|Win32
		{3719AFDE-3AA5-40EE-BA73-F08C11CF4DC6}.Debug|x64.ActiveCfg = Debug|x64
		{3719AFDE-3AA5-40EE-BA73-F08C11CF4DC6}.Debug|x64.Build.0 = Debug|x64
		{3719AFDE-3AA5-40EE-BA73-F08C11CF4DC6}.Debug|x86.ActiveCfg = Debug|Win32
		{3719AFDE-3AA5-40EE-BA73-F08C11CF4DC6}.Debug|x86.Build.0 = Debug|Win32
		{3719AFDE-3AA5-40EE-BA73-F08C11CF4DC6}.Release|Any CPU.ActiveCfg = Release|Win32
		{3719AFDE-3AA5-40EE-BA73-F08C11CF4DC6}.Release|x64.ActiveCfg = Release|x64
		{3719AFDE-3AA5-40EE-BA73-F08C11CF4DC6}.Release|x64.Build.0 = Release|x64
		{3719AFDE-3AA5-40EE-BA73-F08C11CF4DC6}.Release|x86.ActiveCfg = Release|Win32
		{3719AFDE-3AA5-40EE-BA73-F08C11CF4DC6}.Release|x86.Build.0 = Release|Win32
	EndGlobalSection
	GlobalSection(SolutionProperties) = preSolution
		HideSolutionNode = FALSE
	EndGlobalSection
	GlobalSection(ExtensibilityGlobals) = postSolution
		SolutionGuid = {8CF3891B-0680-4281-8D1B-60BBB2250492}
	EndGlobalSection
EndGlobal
